{"SurveyEntry":{"SurveyID":"SV_74jyM3AFkB5Wobs","SurveyName":"SPAT","SurveyDescription":null,"SurveyOwnerID":"UR_esKZcKUP177Qi2i","SurveyBrandID":"uclioe","DivisionID":"DV_01d9jDWVYSpYx9k","SurveyLanguage":"EN","SurveyActiveResponseSet":"RS_dgmj2dpbRjxdl4O","SurveyStatus":"Inactive","SurveyStartDate":"0000-00-00 00:00:00","SurveyExpirationDate":"0000-00-00 00:00:00","SurveyCreationDate":"2025-09-29 07:14:56","CreatorID":"UR_esKZcKUP177Qi2i","LastModified":"2025-09-29 07:17:07","LastAccessed":"0000-00-00 00:00:00","LastActivated":"0000-00-00 00:00:00","Deleted":null},"SurveyElements":[{"SurveyID":"SV_74jyM3AFkB5Wobs","Element":"BL","PrimaryAttribute":"Survey Blocks","SecondaryAttribute":null,"TertiaryAttribute":null,"Payload":[{"Type":"Default","Description":"SPAT","ID":"BL_9YnDrRzpsZ7u94a","BlockElements":[{"Type":"Question","QuestionID":"QID1"}]},{"Type":"Trash","Description":"Trash \/ Unused Questions","ID":"BL_bIPTvmHWuJnmPBA"}]},{"SurveyID":"SV_74jyM3AFkB5Wobs","Element":"FL","PrimaryAttribute":"Survey Flow","SecondaryAttribute":null,"TertiaryAttribute":null,"Payload":{"Flow":[{"ID":"BL_9YnDrRzpsZ7u94a","Type":"Block","FlowID":"FL_2"}],"Properties":{"Count":2},"FlowID":"FL_1","Type":"Root"}},{"SurveyID":"SV_74jyM3AFkB5Wobs","Element":"PL","PrimaryAttribute":"Preview Link","SecondaryAttribute":null,"TertiaryAttribute":null,"Payload":{"PreviewType":"Brand","PreviewID":"42ef8983-1616-4531-9270-c83e76b01106"}},{"SurveyID":"SV_74jyM3AFkB5Wobs","Element":"PROJ","PrimaryAttribute":"CORE","SecondaryAttribute":null,"TertiaryAttribute":"1.1.0","Payload":{"ProjectCategory":"CORE","SchemaVersion":"1.1.0"}},{"SurveyID":"SV_74jyM3AFkB5Wobs","Element":"QC","PrimaryAttribute":"Survey Question Count","SecondaryAttribute":"1","TertiaryAttribute":null,"Payload":null},{"SurveyID":"SV_74jyM3AFkB5Wobs","Element":"RS","PrimaryAttribute":"RS_dgmj2dpbRjxdl4O","SecondaryAttribute":"Default Response Set","TertiaryAttribute":null,"Payload":null},{"SurveyID":"SV_74jyM3AFkB5Wobs","Element":"SCO","PrimaryAttribute":"Scoring","SecondaryAttribute":null,"TertiaryAttribute":null,"Payload":{"ScoringCategories":[],"ScoringCategoryGroups":[],"ScoringSummaryCategory":null,"ScoringSummaryAfterQuestions":0,"ScoringSummaryAfterSurvey":0,"DefaultScoringCategory":null,"AutoScoringCategory":null}},{"SurveyID":"SV_74jyM3AFkB5Wobs","Element":"SO","PrimaryAttribute":"Survey Options","SecondaryAttribute":null,"TertiaryAttribute":null,"Payload":{"BackButton":"false","SaveAndContinue":"true","SurveyProtection":"PublicSurvey","BallotBoxStuffingPrevention":"false","NoIndex":"Yes","SecureResponseFiles":"true","SurveyExpiration":"None","SurveyTermination":"DefaultMessage","Header":"","Footer":"","ProgressBarDisplay":"None","PartialData":"+1 week","ValidationMessage":"","PreviousButton":"","NextButton":"","SurveyTitle":"Qualtrics Survey | Qualtrics Experience Management","SkinLibrary":"uclioe","SkinType":"templated","Skin":{"brandingId":"9370853168","templateId":"*base","overrides":null},"NewScoring":1,"SurveyMetaDescription":"The most powerful, simple and trusted way to gather experience data. Start your journey to experience management and try a free account today."}},{"SurveyID":"SV_74jyM3AFkB5Wobs","Element":"SQ","PrimaryAttribute":"QID1","SecondaryAttribute":"Please give your evaluations about the behavior of the other person.","TertiaryAttribute":null,"Payload":{"QuestionText":"Please give your evaluations about the behavior of the other person.","DefaultChoices":false,"DataExportTag":"SPAT","QuestionID":"QID1","QuestionType":"Matrix","Selector":"Bipolar","DataVisibility":{"Private":false,"Hidden":false},"Configuration":{"QuestionDescriptionOption":"UseText","TextPosition":"inline","ChoiceColumnWidth":25,"RepeatHeaders":"none","WhiteSpace":"OFF","MobileFirst":true},"QuestionDescription":"Please give your evaluations about the behavior of the other person.","Choices":{"1":{"Display":"Cooperative:Competitive"},"2":{"Display":"Helpful:Unhelpful"},"3":{"Display":"Courteous:Impolite"},"4":{"Display":"Prosocial:Antisocial"},"5":{"Display":"Trustworthy:Untrustworthy"},"6":{"Display":"Mindless:Mindful"},"7":{"Display":"Ungrateful:Thankful"},"8":{"Display":"Aware:Unaware"},"9":{"Display":"Inattentive:Attentive"},"10":{"Display":"Acknowledging:Ignoring"},"11":{"Display":"Unexpected:Expected"},"12":{"Display":"Predictable:Unpredictable"}},"ChoiceOrder":[1,2,3,4,5,6,7,8,9,10,11,12],"Validation":{"Settings":{"ForceResponse":"OFF","Type":"None"}},"GradingData":[],"Language":[],"NextChoiceId":13,"NextAnswerId":8,"Answers":{"1":{"Display":"1"},"2":{"Display":"2"},"3":{"Display":"3"},"4":{"Display":"4"},"5":{"Display":"5"},"6":{"Display":"6"},"7":{"Display":"7"}},"AnswerOrder":[1,2,3,4,5,6,7],"ChoiceDataExportTags":false,"AnswerColumns":7}},{"SurveyID":"SV_74jyM3AFkB5Wobs","Element":"STAT","PrimaryAttribute":"Survey Statistics","SecondaryAttribute":null,"TertiaryAttribute":null,"Payload":{"MobileCompatible":false,"ID":"Survey Statistics"}}]}